
Microsoft Visual Studio Solution File, Format Version 12.00
# Visual Studio Version 16
VisualStudioVersion = 16.0.29709.97
MinimumVisualStudioVersion = 10.0.40219.1
Project("{FAE04EC0-301F-11D3-BF4B-00C04F79EFBC}") = "WebApplication1", "WebApplication1\WebApplication1.csproj", "{A50329F2-C7EC-4355-978F-39B1BCA51162}"
EndProject
Project("{2150E333-8FDC-42A3-9474-1A3956D46DE8}") = "ajalogi", "ajalogi", "{7C554C6B-BA02-4E73-8E7A-AD5A508E6445}"
	ProjectSection(SolutionItems) = preProject
		..\..\..\Desktop\Time recording log.xlsx = ..\..\..\Desktop\Time recording log.xlsx
	EndProjectSection
EndProject
Global
	GlobalSection(SolutionConfigurationPlatforms) = preSolution
		Debug|Any CPU = Debug|Any CPU
		Release|Any CPU = Release|Any CPU
	EndGlobalSection
	GlobalSection(ProjectConfigurationPlatforms) = postSolution
		{A50329F2-C7EC-4355-978F-39B1BCA51162}.Debug|Any CPU.ActiveCfg = Debug|Any CPU
		{A50329F2-C7EC-4355-978F-39B1BCA51162}.Debug|Any CPU.Build.0 = Debug|Any CPU
		{A50329F2-C7EC-4355-978F-39B1BCA51162}.Release|Any CPU.ActiveCfg = Release|Any CPU
		{A50329F2-C7EC-4355-978F-39B1BCA51162}.Release|Any CPU.Build.0 = Release|Any CPU
	EndGlobalSection
	GlobalSection(SolutionProperties) = preSolution
		HideSolutionNode = FALSE
	EndGlobalSection
	GlobalSection(ExtensibilityGlobals) = postSolution
		SolutionGuid = {5E7C787B-85EE-4140-BA65-1811F57C2D74}
	EndGlobalSection
EndGlobal
